# This file is autogenerated, do not edit; changes may be undone by the next 'dep ensure'.


[[projects]]
  name = "github.com/alicebob/miniredis"
  packages = [".","server"]
  revision = "995ba133bd8fe5dae5a34732bd99f558b0b60e1a"
  version = "2.1.0"

[[projects]]
  name = "github.com/apache/thrift"
  packages = ["lib/go/thrift"]
  revision = "b2a4d4ae21c789b689dd162deb819665567f481c"
  version = "0.10.0"

[[projects]]
  name = "github.com/cenkalti/backoff"
  packages = ["."]
  revision = "32cd0c5b3aef12c76ed64aaf678f6c79736be7dc"
  version = "v1.0.0"

[[projects]]
  branch = "master"
  name = "github.com/codahale/hdrhistogram"
  packages = ["."]
  revision = "3a0bb77429bd3a61596f5e8a3172445844342120"

[[projects]]
  name = "github.com/go-redis/redis"
  packages = [".","internal","internal/consistenthash","internal/hashtag","internal/pool","internal/proto"]
  revision = "a005081ecd2d0d963a1a20efda049223205cf90a"
  version = "v6.5.4"

[[projects]]
  branch = "v2"
  name = "github.com/go-yaml/yaml"
  packages = ["."]
  revision = "eb3733d160e74a9c7e442f435eb3bea458e1d19f"

[[projects]]
  name = "github.com/gogo/protobuf"
  packages = ["gogoproto","proto","protoc-gen-gogo/descriptor"]
  revision = "100ba4e885062801d56799d78530b73b178a78f3"
  version = "v0.4"

[[projects]]
  branch = "master"
  name = "github.com/golang/protobuf"
  packages = ["jsonpb","proto","protoc-gen-go/descriptor","ptypes/any","ptypes/struct"]
  revision = "748d386b5c1ea99658fd69fe9f03991ce86a90c1"

[[projects]]
  name = "github.com/google/uuid"
  packages = ["."]
  revision = "064e2069ce9c359c118179501254f67d7d37ba24"
  version = "0.2"

[[projects]]
  branch = "master"
  name = "github.com/grpc-ecosystem/go-grpc-middleware"
  packages = [".","logging","logging/logrus","recovery","tags","tracing/opentracing","util/metautils"]
  revision = "f63a7dfb64c138bd93d5c5b896d8b33c4b08e000"

[[projects]]
  branch = "master"
  name = "github.com/grpc-ecosystem/grpc-gateway"
  packages = ["runtime","runtime/internal","utilities"]
  revision = "f2862b476edcef83412c7af8687c9cd8e4097c0f"

[[projects]]
  branch = "master"
  name = "github.com/inconshreveable/mousetrap"
  packages = ["."]
  revision = "76626ae9c91c4f2a10f34cad8ce83ea42c93bb75"

[[projects]]
  branch = "master"
  name = "github.com/meatballhat/negroni-logrus"
  packages = ["."]
  revision = "259659cbe5df2a5732a3c677d040058215be1ee7"

[[projects]]
  branch = "master"
  name = "github.com/mwitkow/go-proto-validators"
  packages = ["."]
  revision = "a55ca57f374a8846924b030f534d8b8211508cf0"

[[projects]]
  name = "github.com/nlopes/slack"
  packages = ["."]
  revision = "c86337c0ef2486a15edd804355d9c73d2f2caed1"
  version = "v0.1.0"

[[projects]]
  name = "github.com/opentracing/opentracing-go"
  packages = [".","ext","log"]
  revision = "1949ddbfd147afd4d964a9f00b24eb291e0e7c38"
  version = "v1.0.2"

[[projects]]
  branch = "master"
  name = "github.com/philips/go-bindata-assetfs"
  packages = ["."]
  revision = "3dcc96556217539f50599357fb481ac0dc7439b9"

[[projects]]
  name = "github.com/pkg/errors"
  packages = ["."]
  revision = "645ef00459ed84a119197bfb8d8205042c6df63d"
  version = "v0.8.0"

[[projects]]
  name = "github.com/sirupsen/logrus"
  packages = ["."]
  revision = "a3f95b5c423586578a4e099b11a46c2479628cac"
  version = "1.0.2"

[[projects]]
  name = "github.com/soheilhy/cmux"
  packages = ["."]
  revision = "bf4a8ede9e87c006fe1d4278c6c7f2b8be1fa84c"
  version = "v0.1.2"

[[projects]]
  branch = "master"
  name = "github.com/spf13/cobra"
  packages = ["."]
  revision = "90fc11bbc0a789c29272c21b5ff9e93db183f8dc"

[[projects]]
  name = "github.com/spf13/pflag"
  packages = ["."]
  revision = "e57e3eeb33f795204c1ca35f56c44f83227c6e66"
  version = "v1.0.0"

[[projects]]
  branch = "master"
  name = "github.com/tatsushid/go-fastping"
  packages = ["."]
  revision = "d7bb493dee3e090e2ffb6914adddf17c1e7c026c"

[[projects]]
  name = "github.com/uber/jaeger-client-go"
  packages = [".","config","internal/spanlog","log","rpcmetrics","thrift-gen/agent","thrift-gen/jaeger","thrift-gen/sampling","thrift-gen/zipkincore","utils"]
  revision = "d021e646f5187d77b55592c3efee1a2810e895d7"
  version = "v2.8.0"

[[projects]]
  branch = "master"
  name = "github.com/uber/jaeger-lib"
  packages = ["metrics"]
  revision = "575c678b2873b62aaadd0fa5817a2aeb3155dc4d"

[[projects]]
  name = "github.com/urfave/negroni"
  packages = ["."]
  revision = "fde5e16d32adc7ad637e9cd9ad21d4ebc6192535"
  version = "v0.2.0"

[[projects]]
  branch = "master"
  name = "golang.org/x/net"
  packages = ["bpf","context","http2","http2/hpack","icmp","idna","internal/iana","internal/socket","internal/timeseries","ipv4","ipv6","lex/httplex","publicsuffix","trace","websocket"]
  revision = "f5079bd7f6f74e23c4d65efa0f4ce14cbd6a3c0f"

[[projects]]
  branch = "master"
  name = "golang.org/x/sys"
  packages = ["unix"]
  revision = "35ef4487ce0a1ea5d4b616ffe71e34febe723695"

[[projects]]
  branch = "master"
  name = "golang.org/x/text"
  packages = ["internal/gen","internal/triegen","internal/ucd","secure/bidirule","transform","unicode/bidi","unicode/cldr","unicode/norm","unicode/rangetable"]
  revision = "836efe42bb4aa16aaa17b9c155d8813d336ed720"

[[projects]]
  branch = "master"
  name = "google.golang.org/genproto"
  packages = ["googleapis/api/annotations","googleapis/rpc/status"]
  revision = "b0a3dcfcd1a9bd48e63634bd8802960804cf8315"

[[projects]]
  name = "google.golang.org/grpc"
  packages = [".","codes","credentials","grpclb/grpc_lb_v1","grpclog","internal","keepalive","metadata","naming","peer","stats","status","tap","transport"]
  revision = "b8669c35455183da6d5c474ea6e72fbf55183274"
  version = "v1.5.1"

[[projects]]
  name = "gopkg.in/go-resty/resty.v0"
  packages = ["."]
  revision = "7a8134d8718193eb857994adee49d73a302e7718"
  version = "v0.12"

[solve-meta]
  analyzer-name = "dep"
  analyzer-version = 1
  inputs-digest = "ea63e84f7d855ece109828d9ce23bf099bf23562cf6956e4f53ca4d95a149964"
  solver-name = "gps-cdcl"
  solver-version = 1
