# This file is autogenerated, do not edit; changes may be undone by the next 'dep ensure'.


[[projects]]
  digest = "1:84c7399cd5652bc41c15bef8b6fb57d12ac29c78649c8007c448e0326338f594"
  name = "github.com/alicebob/miniredis"
  packages = [
    ".",
    "server",
  ]
  pruneopts = ""
  revision = "995ba133bd8fe5dae5a34732bd99f558b0b60e1a"
  version = "2.1.0"

[[projects]]
  digest = "1:158df1b5f5844347008fa48fc3efc82131d6b67570a31516a04115a67facdabd"
  name = "github.com/apache/thrift"
  packages = ["lib/go/thrift"]
  pruneopts = ""
  revision = "b2a4d4ae21c789b689dd162deb819665567f481c"
  version = "0.10.0"

[[projects]]
  digest = "1:593c1c5622dd4d08df2b3c4d3fa6c008478aec5adb1fff18ac911b0384ba6f06"
  name = "github.com/cenkalti/backoff"
  packages = ["."]
  pruneopts = ""
  revision = "32cd0c5b3aef12c76ed64aaf678f6c79736be7dc"
  version = "v1.0.0"

[[projects]]
  branch = "master"
  digest = "1:c46fd324e7902268373e1b337436a6377c196e2dbd7b35624c6256d29d494e78"
  name = "github.com/codahale/hdrhistogram"
  packages = ["."]
  pruneopts = ""
  revision = "3a0bb77429bd3a61596f5e8a3172445844342120"

[[projects]]
  digest = "1:56c130d885a4aacae1dd9c7b71cfe39912c7ebc1ff7d2b46083c8812996dc43b"
  name = "github.com/davecgh/go-spew"
  packages = ["spew"]
  pruneopts = ""
  revision = "346938d642f2ec3594ed81d874461961cd0faa76"
  version = "v1.1.0"

[[projects]]
  digest = "1:7fbefb8009f3343ea272c169b17cec1ea67f3c5b28efeb563f47fbb2ec3a8a2f"
  name = "github.com/go-redis/redis"
  packages = [
    ".",
    "internal",
    "internal/consistenthash",
    "internal/hashtag",
    "internal/pool",
    "internal/proto",
  ]
  pruneopts = ""
  revision = "a005081ecd2d0d963a1a20efda049223205cf90a"
  version = "v6.5.4"

[[projects]]
  branch = "v2"
  digest = "1:81314a486195626940617e43740b4fa073f265b0715c9f54ce2027fee1cb5f61"
  name = "github.com/go-yaml/yaml"
  packages = ["."]
  pruneopts = ""
  revision = "eb3733d160e74a9c7e442f435eb3bea458e1d19f"

[[projects]]
  digest = "1:be341383a4a9e1635573a4b84dbd9ef5d613f20e8283fc3f01f7de20c930d3cd"
  name = "github.com/gogo/protobuf"
  packages = [
    "gogoproto",
    "jsonpb",
    "proto",
    "protoc-gen-gogo/descriptor",
    "sortkeys",
    "types",
  ]
  pruneopts = ""
  revision = "100ba4e885062801d56799d78530b73b178a78f3"
  version = "v0.4"

[[projects]]
  branch = "master"
  digest = "1:71dbfd393aaff258888363ffad40d4a3ce9d8932d717d9cbaac6b93dac339a4b"
  name = "github.com/golang/protobuf"
  packages = [
    "jsonpb",
    "proto",
    "protoc-gen-go/descriptor",
    "ptypes/any",
    "ptypes/struct",
    "ptypes/timestamp",
  ]
  pruneopts = ""
  revision = "748d386b5c1ea99658fd69fe9f03991ce86a90c1"

[[projects]]
  digest = "1:c1d7e883c50a26ea34019320d8ae40fad86c9e5d56e63a1ba2cb618cef43e986"
  name = "github.com/google/uuid"
  packages = ["."]
  pruneopts = ""
  revision = "064e2069ce9c359c118179501254f67d7d37ba24"
  version = "0.2"

[[projects]]
  branch = "master"
  digest = "1:4bb73ef12cd40ba10753ed6f15b7bcc661b422e0e5910a4fb21701855238e939"
  name = "github.com/grpc-ecosystem/go-grpc-middleware"
  packages = [
    ".",
    "logging",
    "logging/logrus",
    "recovery",
    "tags",
    "tracing/opentracing",
    "util/metautils",
  ]
  pruneopts = ""
  revision = "f63a7dfb64c138bd93d5c5b896d8b33c4b08e000"

[[projects]]
  branch = "master"
  digest = "1:0fe3e030d16a0e0d2839d12a455ec95e435ce9aba216a33ab4bd8ee3ad75eb78"
  name = "github.com/grpc-ecosystem/grpc-gateway"
  packages = [
    "runtime",
    "runtime/internal",
    "utilities",
  ]
  pruneopts = ""
  revision = "f2862b476edcef83412c7af8687c9cd8e4097c0f"

[[projects]]
  branch = "master"
  digest = "1:870d441fe217b8e689d7949fef6e43efbc787e50f200cb1e70dbca9204a1d6be"
  name = "github.com/inconshreveable/mousetrap"
  packages = ["."]
  pruneopts = ""
  revision = "76626ae9c91c4f2a10f34cad8ce83ea42c93bb75"

[[projects]]
  branch = "master"
  digest = "1:14ce8a97bd834b6b35af2ded4f853d695a4ba0d491ad59f8b950af8ec5786caa"
  name = "github.com/meatballhat/negroni-logrus"
  packages = ["."]
  pruneopts = ""
  revision = "259659cbe5df2a5732a3c677d040058215be1ee7"

[[projects]]
  branch = "master"
  digest = "1:eddfb7b400bb6a8559435cdd0d6e1de55d08f145db7552d199ebd21d7888b403"
  name = "github.com/mwitkow/go-proto-validators"
  packages = ["."]
  pruneopts = ""
  revision = "a55ca57f374a8846924b030f534d8b8211508cf0"

[[projects]]
  digest = "1:53f0ca8536bff15e4974b90def20012f61ef4fdb40b8b2712fa09c2820e53974"
  name = "github.com/nlopes/slack"
  packages = ["."]
  pruneopts = ""
  revision = "c86337c0ef2486a15edd804355d9c73d2f2caed1"
  version = "v0.1.0"

[[projects]]
  digest = "1:78fb99d6011c2ae6c72f3293a83951311147b12b06a5ffa43abf750c4fab6ac5"
  name = "github.com/opentracing/opentracing-go"
  packages = [
    ".",
    "ext",
    "log",
  ]
  pruneopts = ""
  revision = "1949ddbfd147afd4d964a9f00b24eb291e0e7c38"
  version = "v1.0.2"

[[projects]]
  branch = "master"
  digest = "1:938ba51acb68a0b37af39da820fdcb2ebadf55741597074ff7dc41bf6b64a0bc"
  name = "github.com/philips/go-bindata-assetfs"
  packages = ["."]
  pruneopts = ""
  revision = "3dcc96556217539f50599357fb481ac0dc7439b9"

[[projects]]
  digest = "1:7365acd48986e205ccb8652cc746f09c8b7876030d53710ea6ef7d0bd0dcd7ca"
  name = "github.com/pkg/errors"
  packages = ["."]
  pruneopts = ""
  revision = "645ef00459ed84a119197bfb8d8205042c6df63d"
  version = "v0.8.0"

[[projects]]
  digest = "1:256484dbbcd271f9ecebc6795b2df8cad4c458dd0f5fd82a8c2fa0c29f233411"
  name = "github.com/pmezard/go-difflib"
  packages = ["difflib"]
  pruneopts = ""
  revision = "792786c7400a136282c1664665ae0a8db921c6c2"
  version = "v1.0.0"

[[projects]]
  digest = "1:77e3721e5e9e71223aed2a539f41a8098d7070f554faf16b63c933a429df1db3"
  name = "github.com/sirupsen/logrus"
  packages = ["."]
  pruneopts = ""
  revision = "a3f95b5c423586578a4e099b11a46c2479628cac"
  version = "1.0.2"

[[projects]]
  digest = "1:5785524d116c7bba980af4ab3185c96ef3b1e3f403e3fed5bfd780ec6dc5e4b5"
  name = "github.com/soheilhy/cmux"
  packages = ["."]
  pruneopts = ""
  revision = "bf4a8ede9e87c006fe1d4278c6c7f2b8be1fa84c"
  version = "v0.1.2"

[[projects]]
  branch = "master"
  digest = "1:5c4c23429e668a3759d7473cf88df88dfda587e4f10388e57b405a8ca1906efe"
  name = "github.com/spf13/cobra"
  packages = ["."]
  pruneopts = ""
  revision = "9a31ddff0ea7ee4045c71a113ff135917752383b"

[[projects]]
  digest = "1:261bc565833ef4f02121450d74eb88d5ae4bd74bfe5d0e862cddb8550ec35000"
  name = "github.com/spf13/pflag"
  packages = ["."]
  pruneopts = ""
  revision = "e57e3eeb33f795204c1ca35f56c44f83227c6e66"
  version = "v1.0.0"

[[projects]]
  digest = "1:3926a4ec9a4ff1a072458451aa2d9b98acd059a45b38f7335d31e06c3d6a0159"
  name = "github.com/stretchr/testify"
  packages = ["assert"]
  pruneopts = ""
  revision = "69483b4bd14f5845b5a1e55bca19e954e827f1d0"
  version = "v1.1.4"

[[projects]]
  digest = "1:1c513d2ef719ca7b94859048535bdb2ea42685b6d399e6e4a239befcd300594b"
  name = "github.com/uber/jaeger-client-go"
  packages = [
    ".",
    "config",
    "internal/spanlog",
    "log",
    "rpcmetrics",
    "thrift-gen/agent",
    "thrift-gen/jaeger",
    "thrift-gen/sampling",
    "thrift-gen/zipkincore",
    "utils",
  ]
  pruneopts = ""
  revision = "d021e646f5187d77b55592c3efee1a2810e895d7"
  version = "v2.8.0"

[[projects]]
  branch = "master"
  digest = "1:744531c41469de9f3230c82d6093a42de20607b55c0bf5163e0f28515246a0d0"
  name = "github.com/uber/jaeger-lib"
  packages = ["metrics"]
  pruneopts = ""
  revision = "575c678b2873b62aaadd0fa5817a2aeb3155dc4d"

[[projects]]
  digest = "1:80cf22cc45eb6fdfce2515a2401b04bffa2be83261577761ab788688dad699a1"
  name = "github.com/urfave/negroni"
  packages = ["."]
  pruneopts = ""
  revision = "fde5e16d32adc7ad637e9cd9ad21d4ebc6192535"
  version = "v0.2.0"

[[projects]]
  branch = "master"
  digest = "1:47fe18b32059189c0dba9b4cd334187dcf4ca84189ab403217a559869c58464e"
  name = "golang.org/x/net"
  packages = [
    "bpf",
    "context",
    "http2",
    "http2/hpack",
    "icmp",
    "idna",
    "internal/iana",
    "internal/socket",
    "internal/timeseries",
    "ipv4",
    "ipv6",
    "lex/httplex",
    "publicsuffix",
    "trace",
    "websocket",
  ]
  pruneopts = ""
  revision = "f5079bd7f6f74e23c4d65efa0f4ce14cbd6a3c0f"

[[projects]]
  branch = "master"
  digest = "1:3a7eaff4821849e6b05e20508a6050907eaf83c71f1e5f65f4bac5637bc45406"
  name = "golang.org/x/sys"
  packages = ["unix"]
  pruneopts = ""
  revision = "35ef4487ce0a1ea5d4b616ffe71e34febe723695"

[[projects]]
  branch = "master"
  digest = "1:7e04efe14d3e705ae576fcf9c557508a2970a9b0373936482b01137964491f89"
  name = "golang.org/x/text"
  packages = [
    "internal/gen",
    "internal/triegen",
    "internal/ucd",
    "secure/bidirule",
    "transform",
    "unicode/bidi",
    "unicode/cldr",
    "unicode/norm",
    "unicode/rangetable",
  ]
  pruneopts = ""
  revision = "836efe42bb4aa16aaa17b9c155d8813d336ed720"

[[projects]]
  branch = "master"
  digest = "1:2e1a5a9b4c7d78cadbdc80a8448dbfa498748de1f9ae504a3d5e886ea3c87ee3"
  name = "google.golang.org/genproto"
  packages = [
    "googleapis/api/annotations",
    "googleapis/rpc/status",
  ]
  pruneopts = ""
  revision = "b0a3dcfcd1a9bd48e63634bd8802960804cf8315"

[[projects]]
  digest = "1:8f969f7b564ac93d78544501d9097d290fe4bbb941cba78d91fd2239cab439ae"
  name = "google.golang.org/grpc"
  packages = [
    ".",
    "codes",
    "credentials",
    "grpclb/grpc_lb_v1",
    "grpclog",
    "internal",
    "keepalive",
    "metadata",
    "naming",
    "peer",
    "stats",
    "status",
    "tap",
    "transport",
  ]
  pruneopts = ""
  revision = "b8669c35455183da6d5c474ea6e72fbf55183274"
  version = "v1.5.1"

[[projects]]
  digest = "1:006d4ae85004ca9518028f4bb85987e55fbb8221f9daace2e4403585054fd76b"
  name = "gopkg.in/go-resty/resty.v0"
  packages = ["."]
  pruneopts = ""
  revision = "7a8134d8718193eb857994adee49d73a302e7718"
  version = "v0.12"

[solve-meta]
  analyzer-name = "dep"
  analyzer-version = 1
  input-imports = [
    "github.com/alicebob/miniredis",
    "github.com/cenkalti/backoff",
    "github.com/go-redis/redis",
    "github.com/go-yaml/yaml",
    "github.com/gogo/protobuf/gogoproto",
    "github.com/gogo/protobuf/jsonpb",
    "github.com/gogo/protobuf/proto",
    "github.com/gogo/protobuf/types",
    "github.com/golang/protobuf/proto",
    "github.com/golang/protobuf/ptypes/timestamp",
    "github.com/google/uuid",
    "github.com/grpc-ecosystem/go-grpc-middleware",
    "github.com/grpc-ecosystem/go-grpc-middleware/logging/logrus",
    "github.com/grpc-ecosystem/go-grpc-middleware/recovery",
    "github.com/grpc-ecosystem/go-grpc-middleware/tags",
    "github.com/grpc-ecosystem/go-grpc-middleware/tracing/opentracing",
    "github.com/grpc-ecosystem/grpc-gateway/runtime",
    "github.com/grpc-ecosystem/grpc-gateway/utilities",
    "github.com/meatballhat/negroni-logrus",
    "github.com/mwitkow/go-proto-validators",
    "github.com/nlopes/slack",
    "github.com/opentracing/opentracing-go",
    "github.com/philips/go-bindata-assetfs",
    "github.com/pkg/errors",
    "github.com/sirupsen/logrus",
    "github.com/soheilhy/cmux",
    "github.com/spf13/cobra",
    "github.com/spf13/pflag",
    "github.com/stretchr/testify/assert",
    "github.com/uber/jaeger-client-go",
    "github.com/uber/jaeger-client-go/config",
    "github.com/uber/jaeger-client-go/log",
    "github.com/urfave/negroni",
    "golang.org/x/net/context",
    "golang.org/x/net/icmp",
    "golang.org/x/net/ipv4",
    "google.golang.org/genproto/googleapis/api/annotations",
    "google.golang.org/grpc",
    "google.golang.org/grpc/codes",
    "google.golang.org/grpc/grpclog",
    "google.golang.org/grpc/metadata",
    "google.golang.org/grpc/peer",
    "google.golang.org/grpc/status",
    "gopkg.in/go-resty/resty.v0",
  ]
  solver-name = "gps-cdcl"
  solver-version = 1
